
Microsoft Visual Studio Solution File, Format Version 12.00
# Visual Studio Version 16
VisualStudioVersion = 16.0.32228.343
MinimumVisualStudioVersion = 10.0.40219.1
Project("{FAE04EC0-301F-11D3-BF4B-00C04F79EFBC}") = "Assignment1", "Assignment1\Assignment1.csproj", "{1EE83481-8975-443B-9F83-6D421C235144}"
EndProject
Global
	GlobalSection(SolutionConfigurationPlatforms) = preSolution
		Debug|Any CPU = Debug|Any CPU
		Release|Any CPU = Release|Any CPU
	EndGlobalSection
	GlobalSection(ProjectConfigurationPlatforms) = postSolution
		{1EE83481-8975-443B-9F83-6D421C235144}.Debug|Any CPU.ActiveCfg = Debug|Any CPU
		{1EE83481-8975-443B-9F83-6D421C235144}.Debug|Any CPU.Build.0 = Debug|Any CPU
		{1EE83481-8975-443B-9F83-6D421C235144}.Release|Any CPU.ActiveCfg = Release|Any CPU
		{1EE83481-8975-443B-9F83-6D421C235144}.Release|Any CPU.Build.0 = Release|Any CPU
	EndGlobalSection
	GlobalSection(SolutionProperties) = preSolution
		HideSolutionNode = FALSE
	EndGlobalSection
	GlobalSection(ExtensibilityGlobals) = postSolution
		SolutionGuid = {10E98088-DDC2-4797-B1CE-0E1EDA8F28DB}
	EndGlobalSection
EndGlobal
